
Microsoft Visual Studio Solution File, Format Version 12.00
# Visual Studio Version 17
VisualStudioVersion = 17.13.35825.156 d17.13
MinimumVisualStudioVersion = 10.0.40219.1
Project("{FAE04EC0-301F-11D3-BF4B-00C04F79EFBC}") = "TreinamentosCorp.API", "TreinamentosCorp.API\TreinamentosCorp.API.csproj", "{6B1EB296-06A1-4DC6-9371-2DE5C5000905}"
EndProject
Global
	GlobalSection(SolutionConfigurationPlatforms) = preSolution
		Debug|Any CPU = Debug|Any CPU
		Release|Any CPU = Release|Any CPU
	EndGlobalSection
	GlobalSection(ProjectConfigurationPlatforms) = postSolution
		{6B1EB296-06A1-4DC6-9371-2DE5C5000905}.Debug|Any CPU.ActiveCfg = Debug|Any CPU
		{6B1EB296-06A1-4DC6-9371-2DE5C5000905}.Debug|Any CPU.Build.0 = Debug|Any CPU
		{6B1EB296-06A1-4DC6-9371-2DE5C5000905}.Release|Any CPU.ActiveCfg = Release|Any CPU
		{6B1EB296-06A1-4DC6-9371-2DE5C5000905}.Release|Any CPU.Build.0 = Release|Any CPU
	EndGlobalSection
	GlobalSection(SolutionProperties) = preSolution
		HideSolutionNode = FALSE
	EndGlobalSection
	GlobalSection(ExtensibilityGlobals) = postSolution
		SolutionGuid = {21A00B3E-8C52-4492-B0DC-47E9F1421AE1}
	EndGlobalSection
EndGlobal
